// !$*UTF8*$!
{
	archiveVersion = 1;
	classes = {
	};
	objectVersion = 77;
	objects = {

/* Begin PBXContainerItemProxy section */
		BBCD1CF52DBAA73A007A495B /* PBXContainerItemProxy */ = {
			isa = PBXContainerItemProxy;
			containerPortal = BBCD1CDB2DBAA73A007A495B /* Project object */;
			proxyType = 1;
			remoteGlobalIDString = BBCD1CE22DBAA73A007A495B;
			remoteInfo = "fpinkotlin-swift";
		};
		BBCD1CFF2DBAA73A007A495B /* PBXContainerItemProxy */ = {
			isa = PBXContainerItemProxy;
			containerPortal = BBCD1CDB2DBAA73A007A495B /* Project object */;
			proxyType = 1;
			remoteGlobalIDString = BBCD1CE22DBAA73A007A495B;
			remoteInfo = "fpinkotlin-swift";
		};
/* End PBXContainerItemProxy section */

/* Begin PBXFileReference section */
		BBCD1CE32DBAA73A007A495B /* fpinkotlin-swift.app */ = {isa = PBXFileReference; explicitFileType = wrapper.application; includeInIndex = 0; path = "fpinkotlin-swift.app"; sourceTree = BUILT_PRODUCTS_DIR; };
		BBCD1CF42DBAA73A007A495B /* fpinkotlin-swiftTests.xctest */ = {isa = PBXFileReference; explicitFileType = wrapper.cfbundle; includeInIndex = 0; path = "fpinkotlin-swiftTests.xctest"; sourceTree = BUILT_PRODUCTS_DIR; };
		BBCD1CFE2DBAA73A007A495B /* fpinkotlin-swiftUITests.xctest */ = {isa = PBXFileReference; explicitFileType = wrapper.cfbundle; includeInIndex = 0; path = "fpinkotlin-swiftUITests.xctest"; sourceTree = BUILT_PRODUCTS_DIR; };
/* End PBXFileReference section */

/* Begin PBXFileSystemSynchronizedRootGroup section */
		BBCD1CE52DBAA73A007A495B /* fpinkotlin-swift */ = {
			isa = PBXFileSystemSynchronizedRootGroup;
			path = "fpinkotlin-swift";
			sourceTree = "<group>";
		};
		BBCD1CF72DBAA73A007A495B /* fpinkotlin-swiftTests */ = {
			isa = PBXFileSystemSynchronizedRootGroup;
			path = "fpinkotlin-swiftTests";
			sourceTree = "<group>";
		};
		BBCD1D012DBAA73A007A495B /* fpinkotlin-swiftUITests */ = {
			isa = PBXFileSystemSynchronizedRootGroup;
			path = "fpinkotlin-swiftUITests";
			sourceTree = "<group>";
		};
/* End PBXFileSystemSynchronizedRootGroup section */

/* Begin PBXFrameworksBuildPhase section */
		BBCD1CE02DBAA73A007A495B /* Frameworks */ = {
			isa = PBXFrameworksBuildPhase;
			buildActionMask = 2147483647;
			files = (
			);
			runOnlyForDeploymentPostprocessing = 0;
		};
		BBCD1CF12DBAA73A007A495B /* Frameworks */ = {
			isa = PBXFrameworksBuildPhase;
			buildActionMask = 2147483647;
			files = (
			);
			runOnlyForDeploymentPostprocessing = 0;
		};
		BBCD1CFB2DBAA73A007A495B /* Frameworks */ = {
			isa = PBXFrameworksBuildPhase;
			buildActionMask = 2147483647;
			files = (
			);
			runOnlyForDeploymentPostprocessing = 0;
		};
/* End PBXFrameworksBuildPhase section */

/* Begin PBXGroup section */
		BBCD1CDA2DBAA73A007A495B = {
			isa = PBXGroup;
			children = (
				BBCD1CE52DBAA73A007A495B /* fpinkotlin-swift */,
				BBCD1CF72DBAA73A007A495B /* fpinkotlin-swiftTests */,
				BBCD1D012DBAA73A007A495B /* fpinkotlin-swiftUITests */,
				BBCD1CE42DBAA73A007A495B /* Products */,
			);
			sourceTree = "<group>";
		};
		BBCD1CE42DBAA73A007A495B /* Products */ = {
			isa = PBXGroup;
			children = (
				BBCD1CE32DBAA73A007A495B /* fpinkotlin-swift.app */,
				BBCD1CF42DBAA73A007A495B /* fpinkotlin-swiftTests.xctest */,
				BBCD1CFE2DBAA73A007A495B /* fpinkotlin-swiftUITests.xctest */,
			);
			name = Products;
			sourceTree = "<group>";
		};
/* End PBXGroup section */

/* Begin PBXNativeTarget section */
		BBCD1CE22DBAA73A007A495B /* fpinkotlin-swift */ = {
			isa = PBXNativeTarget;
			buildConfigurationList = BBCD1D082DBAA73A007A495B /* Build configuration list for PBXNativeTarget "fpinkotlin-swift" */;
			buildPhases = (
				BBCD1CDF2DBAA73A007A495B /* Sources */,
				BBCD1CE02DBAA73A007A495B /* Frameworks */,
				BBCD1CE12DBAA73A007A495B /* Resources */,
			);
			buildRules = (
			);
			dependencies = (
			);
			fileSystemSynchronizedGroups = (
				BBCD1CE52DBAA73A007A495B /* fpinkotlin-swift */,
			);
			name = "fpinkotlin-swift";
			packageProductDependencies = (
			);
			productName = "fpinkotlin-swift";
			productReference = BBCD1CE32DBAA73A007A495B /* fpinkotlin-swift.app */;
			productType = "com.apple.product-type.application";
		};
		BBCD1CF32DBAA73A007A495B /* fpinkotlin-swiftTests */ = {
			isa = PBXNativeTarget;
			buildConfigurationList = BBCD1D0B2DBAA73A007A495B /* Build configuration list for PBXNativeTarget "fpinkotlin-swiftTests" */;
			buildPhases = (
				BBCD1CF02DBAA73A007A495B /* Sources */,
				BBCD1CF12DBAA73A007A495B /* Frameworks */,
				BBCD1CF22DBAA73A007A495B /* Resources */,
			);
			buildRules = (
			);
			dependencies = (
				BBCD1CF62DBAA73A007A495B /* PBXTargetDependency */,
			);
			fileSystemSynchronizedGroups = (
				BBCD1CF72DBAA73A007A495B /* fpinkotlin-swiftTests */,
			);
			name = "fpinkotlin-swiftTests";
			packageProductDependencies = (
			);
			productName = "fpinkotlin-swiftTests";
			productReference = BBCD1CF42DBAA73A007A495B /* fpinkotlin-swiftTests.xctest */;
			productType = "com.apple.product-type.bundle.unit-test";
		};
		BBCD1CFD2DBAA73A007A495B /* fpinkotlin-swiftUITests */ = {
			isa = PBXNativeTarget;
			buildConfigurationList = BBCD1D0E2DBAA73A007A495B /* Build configuration list for PBXNativeTarget "fpinkotlin-swiftUITests" */;
			buildPhases = (
				BBCD1CFA2DBAA73A007A495B /* Sources */,
				BBCD1CFB2DBAA73A007A495B /* Frameworks */,
				BBCD1CFC2DBAA73A007A495B /* Resources */,
			);
			buildRules = (
			);
			dependencies = (
				BBCD1D002DBAA73A007A495B /* PBXTargetDependency */,
			);
			fileSystemSynchronizedGroups = (
				BBCD1D012DBAA73A007A495B /* fpinkotlin-swiftUITests */,
			);
			name = "fpinkotlin-swiftUITests";
			packageProductDependencies = (
			);
			productName = "fpinkotlin-swiftUITests";
			productReference = BBCD1CFE2DBAA73A007A495B /* fpinkotlin-swiftUITests.xctest */;
			productType = "com.apple.product-type.bundle.ui-testing";
		};
/* End PBXNativeTarget section */

/* Begin PBXProject section */
		BBCD1CDB2DBAA73A007A495B /* Project object */ = {
			isa = PBXProject;
			attributes = {
				BuildIndependentTargetsInParallel = 1;
				LastSwiftUpdateCheck = 1620;
				LastUpgradeCheck = 1620;
				TargetAttributes = {
					BBCD1CE22DBAA73A007A495B = {
						CreatedOnToolsVersion = 16.2;
					};
					BBCD1CF32DBAA73A007A495B = {
						CreatedOnToolsVersion = 16.2;
						TestTargetID = BBCD1CE22DBAA73A007A495B;
					};
					BBCD1CFD2DBAA73A007A495B = {
						CreatedOnToolsVersion = 16.2;
						TestTargetID = BBCD1CE22DBAA73A007A495B;
					};
				};
			};
			buildConfigurationList = BBCD1CDE2DBAA73A007A495B /* Build configuration list for PBXProject "fpinkotlin-swift" */;
			developmentRegion = en;
			hasScannedForEncodings = 0;
			knownRegions = (
				en,
				Base,
			);
			mainGroup = BBCD1CDA2DBAA73A007A495B;
			minimizedProjectReferenceProxies = 1;
			preferredProjectObjectVersion = 77;
			productRefGroup = BBCD1CE42DBAA73A007A495B /* Products */;
			projectDirPath = "";
			projectRoot = "";
			targets = (
				BBCD1CE22DBAA73A007A495B /* fpinkotlin-swift */,
				BBCD1CF32DBAA73A007A495B /* fpinkotlin-swiftTests */,
				BBCD1CFD2DBAA73A007A495B /* fpinkotlin-swiftUITests */,
			);
		};
/* End PBXProject section */

/* Begin PBXResourcesBuildPhase section */
		BBCD1CE12DBAA73A007A495B /* Resources */ = {
			isa = PBXResourcesBuildPhase;
			buildActionMask = 2147483647;
			files = (
			);
			runOnlyForDeploymentPostprocessing = 0;
		};
		BBCD1CF22DBAA73A007A495B /* Resources */ = {
			isa = PBXResourcesBuildPhase;
			buildActionMask = 2147483647;
			files = (
			);
			runOnlyForDeploymentPostprocessing = 0;
		};
		BBCD1CFC2DBAA73A007A495B /* Resources */ = {
			isa = PBXResourcesBuildPhase;
			buildActionMask = 2147483647;
			files = (
			);
			runOnlyForDeploymentPostprocessing = 0;
		};
/* End PBXResourcesBuildPhase section */

/* Begin PBXSourcesBuildPhase section */
		BBCD1CDF2DBAA73A007A495B /* Sources */ = {
			isa = PBXSourcesBuildPhase;
			buildActionMask = 2147483647;
			files = (
			);
			runOnlyForDeploymentPostprocessing = 0;
		};
		BBCD1CF02DBAA73A007A495B /* Sources */ = {
			isa = PBXSourcesBuildPhase;
			buildActionMask = 2147483647;
			files = (
			);
			runOnlyForDeploymentPostprocessing = 0;
		};
		BBCD1CFA2DBAA73A007A495B /* Sources */ = {
			isa = PBXSourcesBuildPhase;
			buildActionMask = 2147483647;
			files = (
			);
			runOnlyForDeploymentPostprocessing = 0;
		};
/* End PBXSourcesBuildPhase section */

/* Begin PBXTargetDependency section */
		BBCD1CF62DBAA73A007A495B /* PBXTargetDependency */ = {
			isa = PBXTargetDependency;
			target = BBCD1CE22DBAA73A007A495B /* fpinkotlin-swift */;
			targetProxy = BBCD1CF52DBAA73A007A495B /* PBXContainerItemProxy */;
		};
		BBCD1D002DBAA73A007A495B /* PBXTargetDependency */ = {
			isa = PBXTargetDependency;
			target = BBCD1CE22DBAA73A007A495B /* fpinkotlin-swift */;
			targetProxy = BBCD1CFF2DBAA73A007A495B /* PBXContainerItemProxy */;
		};
/* End PBXTargetDependency section */

/* Begin XCBuildConfiguration section */
		BBCD1D062DBAA73A007A495B /* Debug */ = {
			isa = XCBuildConfiguration;
			buildSettings = {
				ALWAYS_SEARCH_USER_PATHS = NO;
				ASSETCATALOG_COMPILER_GENERATE_SWIFT_ASSET_SYMBOL_EXTENSIONS = YES;
				CLANG_ANALYZER_NONNULL = YES;
				CLANG_ANALYZER_NUMBER_OBJECT_CONVERSION = YES_AGGRESSIVE;
				CLANG_CXX_LANGUAGE_STANDARD = "gnu++20";
				CLANG_ENABLE_MODULES = YES;
				CLANG_ENABLE_OBJC_ARC = YES;
				CLANG_ENABLE_OBJC_WEAK = YES;
				CLANG_WARN_BLOCK_CAPTURE_AUTORELEASING = YES;
				CLANG_WARN_BOOL_CONVERSION = YES;
				CLANG_WARN_COMMA = YES;
				CLANG_WARN_CONSTANT_CONVERSION = YES;
				CLANG_WARN_DEPRECATED_OBJC_IMPLEMENTATIONS = YES;
				CLANG_WARN_DIRECT_OBJC_ISA_USAGE = YES_ERROR;
				CLANG_WARN_DOCUMENTATION_COMMENTS = YES;
				CLANG_WARN_EMPTY_BODY = YES;
				CLANG_WARN_ENUM_CONVERSION = YES;
				CLANG_WARN_INFINITE_RECURSION = YES;
				CLANG_WARN_INT_CONVERSION = YES;
				CLANG_WARN_NON_LITERAL_NULL_CONVERSION = YES;
				CLANG_WARN_OBJC_IMPLICIT_RETAIN_SELF = YES;
				CLANG_WARN_OBJC_LITERAL_CONVERSION = YES;
				CLANG_WARN_OBJC_ROOT_CLASS = YES_ERROR;
				CLANG_WARN_QUOTED_INCLUDE_IN_FRAMEWORK_HEADER = YES;
				CLANG_WARN_RANGE_LOOP_ANALYSIS = YES;
				CLANG_WARN_STRICT_PROTOTYPES = YES;
				CLANG_WARN_SUSPICIOUS_MOVE = YES;
				CLANG_WARN_UNGUARDED_AVAILABILITY = YES_AGGRESSIVE;
				CLANG_WARN_UNREACHABLE_CODE = YES;
				CLANG_WARN__DUPLICATE_METHOD_MATCH = YES;
				COPY_PHASE_STRIP = NO;
				DEBUG_INFORMATION_FORMAT = dwarf;
				ENABLE_STRICT_OBJC_MSGSEND = YES;
				ENABLE_TESTABILITY = YES;
				ENABLE_USER_SCRIPT_SANDBOXING = YES;
				GCC_C_LANGUAGE_STANDARD = gnu17;
				GCC_DYNAMIC_NO_PIC = NO;
				GCC_NO_COMMON_BLOCKS = YES;
				GCC_OPTIMIZATION_LEVEL = 0;
				GCC_PREPROCESSOR_DEFINITIONS = (
					"DEBUG=1",
					"$(inherited)",
				);
				GCC_WARN_64_TO_32_BIT_CONVERSION = YES;
				GCC_WARN_ABOUT_RETURN_TYPE = YES_ERROR;
				GCC_WARN_UNDECLARED_SELECTOR = YES;
				GCC_WARN_UNINITIALIZED_AUTOS = YES_AGGRESSIVE;
				GCC_WARN_UNUSED_FUNCTION = YES;
				GCC_WARN_UNUSED_VARIABLE = YES;
				LOCALIZATION_PREFERS_STRING_CATALOGS = YES;
				MTL_ENABLE_DEBUG_INFO = INCLUDE_SOURCE;
				MTL_FAST_MATH = YES;
				ONLY_ACTIVE_ARCH = YES;
				SWIFT_ACTIVE_COMPILATION_CONDITIONS = "DEBUG $(inherited)";
				SWIFT_OPTIMIZATION_LEVEL = "-Onone";
			};
			name = Debug;
		};
		BBCD1D072DBAA73A007A495B /* Release */ = {
			isa = XCBuildConfiguration;
			buildSettings = {
				ALWAYS_SEARCH_USER_PATHS = NO;
				ASSETCATALOG_COMPILER_GENERATE_SWIFT_ASSET_SYMBOL_EXTENSIONS = YES;
				CLANG_ANALYZER_NONNULL = YES;
				CLANG_ANALYZER_NUMBER_OBJECT_CONVERSION = YES_AGGRESSIVE;
				CLANG_CXX_LANGUAGE_STANDARD = "gnu++20";
				CLANG_ENABLE_MODULES = YES;
				CLANG_ENABLE_OBJC_ARC = YES;
				CLANG_ENABLE_OBJC_WEAK = YES;
				CLANG_WARN_BLOCK_CAPTURE_AUTORELEASING = YES;
				CLANG_WARN_BOOL_CONVERSION = YES;
				CLANG_WARN_COMMA = YES;
				CLANG_WARN_CONSTANT_CONVERSION = YES;
				CLANG_WARN_DEPRECATED_OBJC_IMPLEMENTATIONS = YES;
				CLANG_WARN_DIRECT_OBJC_ISA_USAGE = YES_ERROR;
				CLANG_WARN_DOCUMENTATION_COMMENTS = YES;
				CLANG_WARN_EMPTY_BODY = YES;
				CLANG_WARN_ENUM_CONVERSION = YES;
				CLANG_WARN_INFINITE_RECURSION = YES;
				CLANG_WARN_INT_CONVERSION = YES;
				CLANG_WARN_NON_LITERAL_NULL_CONVERSION = YES;
				CLANG_WARN_OBJC_IMPLICIT_RETAIN_SELF = YES;
				CLANG_WARN_OBJC_LITERAL_CONVERSION = YES;
				CLANG_WARN_OBJC_ROOT_CLASS = YES_ERROR;
				CLANG_WARN_QUOTED_INCLUDE_IN_FRAMEWORK_HEADER = YES;
				CLANG_WARN_RANGE_LOOP_ANALYSIS = YES;
				CLANG_WARN_STRICT_PROTOTYPES = YES;
				CLANG_WARN_SUSPICIOUS_MOVE = YES;
				CLANG_WARN_UNGUARDED_AVAILABILITY = YES_AGGRESSIVE;
				CLANG_WARN_UNREACHABLE_CODE = YES;
				CLANG_WARN__DUPLICATE_METHOD_MATCH = YES;
				COPY_PHASE_STRIP = NO;
				DEBUG_INFORMATION_FORMAT = "dwarf-with-dsym";
				ENABLE_NS_ASSERTIONS = NO;
				ENABLE_STRICT_OBJC_MSGSEND = YES;
				ENABLE_USER_SCRIPT_SANDBOXING = YES;
				GCC_C_LANGUAGE_STANDARD = gnu17;
				GCC_NO_COMMON_BLOCKS = YES;
				GCC_WARN_64_TO_32_BIT_CONVERSION = YES;
				GCC_WARN_ABOUT_RETURN_TYPE = YES_ERROR;
				GCC_WARN_UNDECLARED_SELECTOR = YES;
				GCC_WARN_UNINITIALIZED_AUTOS = YES_AGGRESSIVE;
				GCC_WARN_UNUSED_FUNCTION = YES;
				GCC_WARN_UNUSED_VARIABLE = YES;
				LOCALIZATION_PREFERS_STRING_CATALOGS = YES;
				MTL_ENABLE_DEBUG_INFO = NO;
				MTL_FAST_MATH = YES;
				SWIFT_COMPILATION_MODE = wholemodule;
			};
			name = Release;
		};
		BBCD1D092DBAA73A007A495B /* Debug */ = {
			isa = XCBuildConfiguration;
			buildSettings = {
				ASSETCATALOG_COMPILER_APPICON_NAME = AppIcon;
				ASSETCATALOG_COMPILER_GLOBAL_ACCENT_COLOR_NAME = AccentColor;
				CODE_SIGN_ENTITLEMENTS = "fpinkotlin-swift/fpinkotlin_swift.entitlements";
				CODE_SIGN_STYLE = Automatic;
				CURRENT_PROJECT_VERSION = 1;
				DEVELOPMENT_ASSET_PATHS = "\"fpinkotlin-swift/Preview Content\"";
				DEVELOPMENT_TEAM = HP37KXB4S8;
				ENABLE_HARDENED_RUNTIME = YES;
				ENABLE_PREVIEWS = YES;
				GENERATE_INFOPLIST_FILE = YES;
				"INFOPLIST_KEY_UIApplicationSceneManifest_Generation[sdk=iphoneos*]" = YES;
				"INFOPLIST_KEY_UIApplicationSceneManifest_Generation[sdk=iphonesimulator*]" = YES;
				"INFOPLIST_KEY_UIApplicationSupportsIndirectInputEvents[sdk=iphoneos*]" = YES;
				"INFOPLIST_KEY_UIApplicationSupportsIndirectInputEvents[sdk=iphonesimulator*]" = YES;
				"INFOPLIST_KEY_UILaunchScreen_Generation[sdk=iphoneos*]" = YES;
				"INFOPLIST_KEY_UILaunchScreen_Generation[sdk=iphonesimulator*]" = YES;
				"INFOPLIST_KEY_UIStatusBarStyle[sdk=iphoneos*]" = UIStatusBarStyleDefault;
				"INFOPLIST_KEY_UIStatusBarStyle[sdk=iphonesimulator*]" = UIStatusBarStyleDefault;
				INFOPLIST_KEY_UISupportedInterfaceOrientations_iPad = "UIInterfaceOrientationPortrait UIInterfaceOrientationPortraitUpsideDown UIInterfaceOrientationLandscapeLeft UIInterfaceOrientationLandscapeRight";
				INFOPLIST_KEY_UISupportedInterfaceOrientations_iPhone = "UIInterfaceOrientationPortrait UIInterfaceOrientationLandscapeLeft UIInterfaceOrientationLandscapeRight";
				IPHONEOS_DEPLOYMENT_TARGET = 18.2;
				LD_RUNPATH_SEARCH_PATHS = "@executable_path/Frameworks";
				"LD_RUNPATH_SEARCH_PATHS[sdk=macosx*]" = "@executable_path/../Frameworks";
				MACOSX_DEPLOYMENT_TARGET = 15.1;
				MARKETING_VERSION = 1.0;
				PRODUCT_BUNDLE_IDENTIFIER = "com.wontonface.fpinkotlin-swift";
				PRODUCT_NAME = "$(TARGET_NAME)";
				SDKROOT = auto;
				SUPPORTED_PLATFORMS = "iphoneos iphonesimulator macosx xros xrsimulator";
				SWIFT_EMIT_LOC_STRINGS = YES;
				SWIFT_VERSION = 5.0;
				TARGETED_DEVICE_FAMILY = "1,2,7";
				XROS_DEPLOYMENT_TARGET = 2.2;
			};
			name = Debug;
		};
		BBCD1D0A2DBAA73A007A495B /* Release */ = {
			isa = XCBuildConfiguration;
			buildSettings = {
				ASSETCATALOG_COMPILER_APPICON_NAME = AppIcon;
				ASSETCATALOG_COMPILER_GLOBAL_ACCENT_COLOR_NAME = AccentColor;
				CODE_SIGN_ENTITLEMENTS = "fpinkotlin-swift/fpinkotlin_swift.entitlements";
				CODE_SIGN_STYLE = Automatic;
				CURRENT_PROJECT_VERSION = 1;
				DEVELOPMENT_ASSET_PATHS = "\"fpinkotlin-swift/Preview Content\"";
				DEVELOPMENT_TEAM = HP37KXB4S8;
				ENABLE_HARDENED_RUNTIME = YES;
				ENABLE_PREVIEWS = YES;
				GENERATE_INFOPLIST_FILE = YES;
				"INFOPLIST_KEY_UIApplicationSceneManifest_Generation[sdk=iphoneos*]" = YES;
				"INFOPLIST_KEY_UIApplicationSceneManifest_Generation[sdk=iphonesimulator*]" = YES;
				"INFOPLIST_KEY_UIApplicationSupportsIndirectInputEvents[sdk=iphoneos*]" = YES;
				"INFOPLIST_KEY_UIApplicationSupportsIndirectInputEvents[sdk=iphonesimulator*]" = YES;
				"INFOPLIST_KEY_UILaunchScreen_Generation[sdk=iphoneos*]" = YES;
				"INFOPLIST_KEY_UILaunchScreen_Generation[sdk=iphonesimulator*]" = YES;
				"INFOPLIST_KEY_UIStatusBarStyle[sdk=iphoneos*]" = UIStatusBarStyleDefault;
				"INFOPLIST_KEY_UIStatusBarStyle[sdk=iphonesimulator*]" = UIStatusBarStyleDefault;
				INFOPLIST_KEY_UISupportedInterfaceOrientations_iPad = "UIInterfaceOrientationPortrait UIInterfaceOrientationPortraitUpsideDown UIInterfaceOrientationLandscapeLeft UIInterfaceOrientationLandscapeRight";
				INFOPLIST_KEY_UISupportedInterfaceOrientations_iPhone = "UIInterfaceOrientationPortrait UIInterfaceOrientationLandscapeLeft UIInterfaceOrientationLandscapeRight";
				IPHONEOS_DEPLOYMENT_TARGET = 18.2;
				LD_RUNPATH_SEARCH_PATHS = "@executable_path/Frameworks";
				"LD_RUNPATH_SEARCH_PATHS[sdk=macosx*]" = "@executable_path/../Frameworks";
				MACOSX_DEPLOYMENT_TARGET = 15.1;
				MARKETING_VERSION = 1.0;
				PRODUCT_BUNDLE_IDENTIFIER = "com.wontonface.fpinkotlin-swift";
				PRODUCT_NAME = "$(TARGET_NAME)";
				SDKROOT = auto;
				SUPPORTED_PLATFORMS = "iphoneos iphonesimulator macosx xros xrsimulator";
				SWIFT_EMIT_LOC_STRINGS = YES;
				SWIFT_VERSION = 5.0;
				TARGETED_DEVICE_FAMILY = "1,2,7";
				XROS_DEPLOYMENT_TARGET = 2.2;
			};
			name = Release;
		};
		BBCD1D0C2DBAA73A007A495B /* Debug */ = {
			isa = XCBuildConfiguration;
			buildSettings = {
				BUNDLE_LOADER = "$(TEST_HOST)";
				CODE_SIGN_STYLE = Automatic;
				CURRENT_PROJECT_VERSION = 1;
				DEVELOPMENT_TEAM = HP37KXB4S8;
				GENERATE_INFOPLIST_FILE = YES;
				IPHONEOS_DEPLOYMENT_TARGET = 18.2;
				MACOSX_DEPLOYMENT_TARGET = 15.1;
				MARKETING_VERSION = 1.0;
				PRODUCT_BUNDLE_IDENTIFIER = "com.wontonface.fpinkotlin-swiftTests";
				PRODUCT_NAME = "$(TARGET_NAME)";
				SDKROOT = auto;
				SUPPORTED_PLATFORMS = "iphoneos iphonesimulator macosx xros xrsimulator";
				SWIFT_EMIT_LOC_STRINGS = NO;
				SWIFT_VERSION = 5.0;
				TARGETED_DEVICE_FAMILY = "1,2,7";
				TEST_HOST = "$(BUILT_PRODUCTS_DIR)/fpinkotlin-swift.app/$(BUNDLE_EXECUTABLE_FOLDER_PATH)/fpinkotlin-swift";
				XROS_DEPLOYMENT_TARGET = 2.2;
			};
			name = Debug;
		};
		BBCD1D0D2DBAA73A007A495B /* Release */ = {
			isa = XCBuildConfiguration;
			buildSettings = {
				BUNDLE_LOADER = "$(TEST_HOST)";
				CODE_SIGN_STYLE = Automatic;
				CURRENT_PROJECT_VERSION = 1;
				DEVELOPMENT_TEAM = HP37KXB4S8;
				GENERATE_INFOPLIST_FILE = YES;
				IPHONEOS_DEPLOYMENT_TARGET = 18.2;
				MACOSX_DEPLOYMENT_TARGET = 15.1;
				MARKETING_VERSION = 1.0;
				PRODUCT_BUNDLE_IDENTIFIER = "com.wontonface.fpinkotlin-swiftTests";
				PRODUCT_NAME = "$(TARGET_NAME)";
				SDKROOT = auto;
				SUPPORTED_PLATFORMS = "iphoneos iphonesimulator macosx xros xrsimulator";
				SWIFT_EMIT_LOC_STRINGS = NO;
				SWIFT_VERSION = 5.0;
				TARGETED_DEVICE_FAMILY = "1,2,7";
				TEST_HOST = "$(BUILT_PRODUCTS_DIR)/fpinkotlin-swift.app/$(BUNDLE_EXECUTABLE_FOLDER_PATH)/fpinkotlin-swift";
				XROS_DEPLOYMENT_TARGET = 2.2;
			};
			name = Release;
		};
		BBCD1D0F2DBAA73A007A495B /* Debug */ = {
			isa = XCBuildConfiguration;
			buildSettings = {
				CODE_SIGN_STYLE = Automatic;
				CURRENT_PROJECT_VERSION = 1;
				DEVELOPMENT_TEAM = HP37KXB4S8;
				GENERATE_INFOPLIST_FILE = YES;
				IPHONEOS_DEPLOYMENT_TARGET = 18.2;
				MACOSX_DEPLOYMENT_TARGET = 15.1;
				MARKETING_VERSION = 1.0;
				PRODUCT_BUNDLE_IDENTIFIER = "com.wontonface.fpinkotlin-swiftUITests";
				PRODUCT_NAME = "$(TARGET_NAME)";
				SDKROOT = auto;
				SUPPORTED_PLATFORMS = "iphoneos iphonesimulator macosx xros xrsimulator";
				SWIFT_EMIT_LOC_STRINGS = NO;
				SWIFT_VERSION = 5.0;
				TARGETED_DEVICE_FAMILY = "1,2,7";
				TEST_TARGET_NAME = "fpinkotlin-swift";
				XROS_DEPLOYMENT_TARGET = 2.2;
			};
			name = Debug;
		};
		BBCD1D102DBAA73A007A495B /* Release */ = {
			isa = XCBuildConfiguration;
			buildSettings = {
				CODE_SIGN_STYLE = Automatic;
				CURRENT_PROJECT_VERSION = 1;
				DEVELOPMENT_TEAM = HP37KXB4S8;
				GENERATE_INFOPLIST_FILE = YES;
				IPHONEOS_DEPLOYMENT_TARGET = 18.2;
				MACOSX_DEPLOYMENT_TARGET = 15.1;
				MARKETING_VERSION = 1.0;
				PRODUCT_BUNDLE_IDENTIFIER = "com.wontonface.fpinkotlin-swiftUITests";
				PRODUCT_NAME = "$(TARGET_NAME)";
				SDKROOT = auto;
				SUPPORTED_PLATFORMS = "iphoneos iphonesimulator macosx xros xrsimulator";
				SWIFT_EMIT_LOC_STRINGS = NO;
				SWIFT_VERSION = 5.0;
				TARGETED_DEVICE_FAMILY = "1,2,7";
				TEST_TARGET_NAME = "fpinkotlin-swift";
				XROS_DEPLOYMENT_TARGET = 2.2;
			};
			name = Release;
		};
/* End XCBuildConfiguration section */

/* Begin XCConfigurationList section */
		BBCD1CDE2DBAA73A007A495B /* Build configuration list for PBXProject "fpinkotlin-swift" */ = {
			isa = XCConfigurationList;
			buildConfigurations = (
				BBCD1D062DBAA73A007A495B /* Debug */,
				BBCD1D072DBAA73A007A495B /* Release */,
			);
			defaultConfigurationIsVisible = 0;
			defaultConfigurationName = Release;
		};
		BBCD1D082DBAA73A007A495B /* Build configuration list for PBXNativeTarget "fpinkotlin-swift" */ = {
			isa = XCConfigurationList;
			buildConfigurations = (
				BBCD1D092DBAA73A007A495B /* Debug */,
				BBCD1D0A2DBAA73A007A495B /* Release */,
			);
			defaultConfigurationIsVisible = 0;
			defaultConfigurationName = Release;
		};
		BBCD1D0B2DBAA73A007A495B /* Build configuration list for PBXNativeTarget "fpinkotlin-swiftTests" */ = {
			isa = XCConfigurationList;
			buildConfigurations = (
				BBCD1D0C2DBAA73A007A495B /* Debug */,
				BBCD1D0D2DBAA73A007A495B /* Release */,
			);
			defaultConfigurationIsVisible = 0;
			defaultConfigurationName = Release;
		};
		BBCD1D0E2DBAA73A007A495B /* Build configuration list for PBXNativeTarget "fpinkotlin-swiftUITests" */ = {
			isa = XCConfigurationList;
			buildConfigurations = (
				BBCD1D0F2DBAA73A007A495B /* Debug */,
				BBCD1D102DBAA73A007A495B /* Release */,
			);
			defaultConfigurationIsVisible = 0;
			defaultConfigurationName = Release;
		};
/* End XCConfigurationList section */
	};
	rootObject = BBCD1CDB2DBAA73A007A495B /* Project object */;
}
